
Microsoft Visual Studio Solution File, Format Version 12.00
# Visual Studio 14
VisualStudioVersion = 14.0.25123.0
MinimumVisualStudioVersion = 10.0.40219.1
Project("{8BC9CEB8-8B4A-11D0-8D11-00A0C91BC942}") = "AlternatingCharacters", "AlternatingCharacters\AlternatingCharacters.vcxproj", "{55B5975A-78E0-4C87-A4F5-600D5EFE8F3C}"
EndProject
Project("{8BC9CEB8-8B4A-11D0-8D11-00A0C91BC942}") = "SuperHighways", "SuperHighways\SuperHighways.vcxproj", "{10BA8DAA-2779-402D-A9AF-3905FC96376A}"
EndProject
Project("{8BC9CEB8-8B4A-11D0-8D11-00A0C91BC942}") = "TheLoveLetterMystery", "TheLoveLetterMystery\TheLoveLetterMystery.vcxproj", "{B25AE934-5AB0-47CF-8FEE-5B9E339C4DE6}"
EndProject
Project("{8BC9CEB8-8B4A-11D0-8D11-00A0C91BC942}") = "StringSimilarity", "StringSimilarity\StringSimilarity.vcxproj", "{497A0628-78DF-4C11-8D11-94966181148D}"
EndProject
Project("{FAE04EC0-301F-11D3-BF4B-00C04F79EFBC}") = "SuperHighwaysCS", "SuperHighwaysCS\SuperHighwaysCS.csproj", "{81C50A79-2723-4F89-BF9F-BB691FFFB9C2}"
EndProject
Project("{8BC9CEB8-8B4A-11D0-8D11-00A0C91BC942}") = "GemStones", "GemStones\GemStones.vcxproj", "{CCD8B3FC-DE3A-46D8-BD7E-31DA9EEF1BE1}"
EndProject
Project("{8BC9CEB8-8B4A-11D0-8D11-00A0C91BC942}") = "FunnyString", "FunnyString\FunnyString.vcxproj", "{56AB922B-1E97-40A4-885D-3F3980D0AE12}"
EndProject
Project("{8BC9CEB8-8B4A-11D0-8D11-00A0C91BC942}") = "Anagram", "Anagram\Anagram.vcxproj", "{2E931143-369F-4EE2-9970-5755EC63D851}"
EndProject
Project("{8BC9CEB8-8B4A-11D0-8D11-00A0C91BC942}") = "PalindromeIndex", "PalindromeIndex\PalindromeIndex.vcxproj", "{07189EDA-7ABE-40B5-BA70-6F8D82FDFFA1}"
EndProject
Project("{8BC9CEB8-8B4A-11D0-8D11-00A0C91BC942}") = "TwoStrings", "TwoStrings\TwoStrings.vcxproj", "{2CF2DDDA-445E-4CE3-873F-6AEC40CE759C}"
EndProject
Project("{8BC9CEB8-8B4A-11D0-8D11-00A0C91BC942}") = "GameOfThrones-I", "GameOfThrones-I\GameOfThrones-I.vcxproj", "{BABB340B-C34D-4571-BFB1-BE2E3CFCAB08}"
EndProject
Project("{8BC9CEB8-8B4A-11D0-8D11-00A0C91BC942}") = "MakeItAnagram", "MakeItAnagram\MakeItAnagram.vcxproj", "{1C148C2C-51B3-4A91-951C-1CAC3F4F8B87}"
EndProject
Project("{8BC9CEB8-8B4A-11D0-8D11-00A0C91BC942}") = "BearAndSteadyGene", "BearAndSteadyGene\BearAndSteadyGene.vcxproj", "{A3FA9DD7-15DC-4B90-9A76-845A37785C99}"
EndProject
Project("{8BC9CEB8-8B4A-11D0-8D11-00A0C91BC942}") = "SherlockAndAnagrams", "SherlockAndAnagrams\SherlockAndAnagrams.vcxproj", "{643BF41C-D163-45F4-909E-594930384B5F}"
EndProject
Project("{8BC9CEB8-8B4A-11D0-8D11-00A0C91BC942}") = "Frequency", "Frequency\Frequency.vcxproj", "{66439679-D66C-4335-BB1E-AFAE33767492}"
EndProject
Project("{8BC9CEB8-8B4A-11D0-8D11-00A0C91BC942}") = "ReverseShuffleMerge", "ReverseShuffleMerge\ReverseShuffleMerge.vcxproj", "{3C2BDF64-0C2F-4EBF-BA90-8B697245AFA0}"
EndProject
Project("{8BC9CEB8-8B4A-11D0-8D11-00A0C91BC942}") = "CommonChild", "CommonChild\CommonChild.vcxproj", "{67790E63-4701-486B-AF95-DF2AFCD58C10}"
EndProject
Project("{8BC9CEB8-8B4A-11D0-8D11-00A0C91BC942}") = "2sCompliment", "2scompliment\2scompliment.vcxproj", "{DC340C31-86AC-494A-BF05-F0BD2D286758}"
EndProject
Project("{8BC9CEB8-8B4A-11D0-8D11-00A0C91BC942}") = "2sComplimentComplete", "2sComplimentComplete\2sComplimentComplete.vcxproj", "{80D07473-BACC-487C-9A68-B19C2C24A97B}"
EndProject
Project("{8BC9CEB8-8B4A-11D0-8D11-00A0C91BC942}") = "SherlockAndValidString", "SherlockAndValidString\SherlockAndValidString.vcxproj", "{E3409504-85BC-451B-BE42-8FA0CBF1F096}"
EndProject
Project("{8BC9CEB8-8B4A-11D0-8D11-00A0C91BC942}") = "RedJohnIsBack", "RedJohnIsBack\RedJohnIsBack.vcxproj", "{B40BA7D0-2FFD-4B70-8175-E44408FC5D83}"
EndProject
Project("{FAE04EC0-301F-11D3-BF4B-00C04F79EFBC}") = "RedJohnIsBackCS", "RedJohnIsBackCS\RedJohnIsBackCS.csproj", "{98D1B13D-D475-4DFA-B29C-524351AC49C7}"
EndProject
Project("{8BC9CEB8-8B4A-11D0-8D11-00A0C91BC942}") = "Restaurant", "Restaurant\Restaurant.vcxproj", "{F6C7648D-B715-4A3C-8EFC-51EA02364936}"
EndProject
Project("{FAE04EC0-301F-11D3-BF4B-00C04F79EFBC}") = "SummingTheNSeries", "SummingTheNSeries\SummingTheNSeries.csproj", "{42FD0526-4BD7-436C-91C4-CD5F57F067C0}"
EndProject
Project("{FAE04EC0-301F-11D3-BF4B-00C04F79EFBC}") = "PossiblePath", "PossiblePath\PossiblePath.csproj", "{C6437035-A4F9-4383-8D90-C1CC1C620C4B}"
EndProject
Project("{FAE04EC0-301F-11D3-BF4B-00C04F79EFBC}") = "HandShakes", "HandShakes\HandShakes.csproj", "{789D8414-30D1-4333-96EC-848D9B212837}"
EndProject
Project("{FAE04EC0-301F-11D3-BF4B-00C04F79EFBC}") = "FillingJars", "FillingJars\FillingJars.csproj", "{FED169D8-F980-4149-9A30-39D0B615B1E1}"
EndProject
Project("{8BC9CEB8-8B4A-11D0-8D11-00A0C91BC942}") = "2DArray", "2DArray\2DArray.vcxproj", "{DDF466AD-CF9A-4FDB-99C2-E1F6A28897F0}"
EndProject
Project("{8BC9CEB8-8B4A-11D0-8D11-00A0C91BC942}") = "HelloWorld", "HelloWorld\HelloWorld.vcxproj", "{1EB61A63-9360-4103-AE13-05935CF2FEC8}"
EndProject
Project("{8BC9CEB8-8B4A-11D0-8D11-00A0C91BC942}") = "Operators", "Operators\Operators.vcxproj", "{EEAF76DB-6DEF-4F59-8354-87EE5D7C3565}"
EndProject
Project("{8BC9CEB8-8B4A-11D0-8D11-00A0C91BC942}") = "DataTypes", "DataTypes\DataTypes.vcxproj", "{01CEBEFE-1BB3-4877-BF3F-9AD20649132D}"
EndProject
Project("{8BC9CEB8-8B4A-11D0-8D11-00A0C91BC942}") = "IntroToConditionalStatements", "IntroToConditionalStatements\IntroToConditionalStatements.vcxproj", "{A4A769EF-F5E6-4B61-A005-B1F4882291FE}"
EndProject
Project("{FAE04EC0-301F-11D3-BF4B-00C04F79EFBC}") = "Dancing in Pairs", "Dancing in Pairs\Dancing in Pairs.csproj", "{56671BC5-005B-4A3C-BACD-9C294D78633A}"
EndProject
Global
	GlobalSection(SolutionConfigurationPlatforms) = preSolution
		Debug|Any CPU = Debug|Any CPU
		Debug|x64 = Debug|x64
		Debug|x86 = Debug|x86
		Release|Any CPU = Release|Any CPU
		Release|x64 = Release|x64
		Release|x86 = Release|x86
	EndGlobalSection
	GlobalSection(ProjectConfigurationPlatforms) = postSolution
		{55B5975A-78E0-4C87-A4F5-600D5EFE8F3C}.Debug|Any CPU.ActiveCfg = Debug|Win32
		{55B5975A-78E0-4C87-A4F5-600D5EFE8F3C}.Debug|x64.ActiveCfg = Debug|x64
		{55B5975A-78E0-4C87-A4F5-600D5EFE8F3C}.Debug|x64.Build.0 = Debug|x64
		{55B5975A-78E0-4C87-A4F5-600D5EFE8F3C}.Debug|x86.ActiveCfg = Debug|Win32
		{55B5975A-78E0-4C87-A4F5-600D5EFE8F3C}.Debug|x86.Build.0 = Debug|Win32
		{55B5975A-78E0-4C87-A4F5-600D5EFE8F3C}.Release|Any CPU.ActiveCfg = Release|Win32
		{55B5975A-78E0-4C87-A4F5-600D5EFE8F3C}.Release|x64.ActiveCfg = Release|x64
		{55B5975A-78E0-4C87-A4F5-600D5EFE8F3C}.Release|x64.Build.0 = Release|x64
		{55B5975A-78E0-4C87-A4F5-600D5EFE8F3C}.Release|x86.ActiveCfg = Release|Win32
		{55B5975A-78E0-4C87-A4F5-600D5EFE8F3C}.Release|x86.Build.0 = Release|Win32
		{10BA8DAA-2779-402D-A9AF-3905FC96376A}.Debug|Any CPU.ActiveCfg = Debug|Win32
		{10BA8DAA-2779-402D-A9AF-3905FC96376A}.Debug|x64.ActiveCfg = Debug|x64
		{10BA8DAA-2779-402D-A9AF-3905FC96376A}.Debug|x64.Build.0 = Debug|x64
		{10BA8DAA-2779-402D-A9AF-3905FC96376A}.Debug|x86.ActiveCfg = Debug|Win32
		{10BA8DAA-2779-402D-A9AF-3905FC96376A}.Debug|x86.Build.0 = Debug|Win32
		{10BA8DAA-2779-402D-A9AF-3905FC96376A}.Release|Any CPU.ActiveCfg = Release|Win32
		{10BA8DAA-2779-402D-A9AF-3905FC96376A}.Release|x64.ActiveCfg = Release|x64
		{10BA8DAA-2779-402D-A9AF-3905FC96376A}.Release|x64.Build.0 = Release|x64
		{10BA8DAA-2779-402D-A9AF-3905FC96376A}.Release|x86.ActiveCfg = Release|Win32
		{10BA8DAA-2779-402D-A9AF-3905FC96376A}.Release|x86.Build.0 = Release|Win32
		{B25AE934-5AB0-47CF-8FEE-5B9E339C4DE6}.Debug|Any CPU.ActiveCfg = Debug|Win32
		{B25AE934-5AB0-47CF-8FEE-5B9E339C4DE6}.Debug|x64.ActiveCfg = Debug|x64
		{B25AE934-5AB0-47CF-8FEE-5B9E339C4DE6}.Debug|x64.Build.0 = Debug|x64
		{B25AE934-5AB0-47CF-8FEE-5B9E339C4DE6}.Debug|x86.ActiveCfg = Debug|Win32
		{B25AE934-5AB0-47CF-8FEE-5B9E339C4DE6}.Debug|x86.Build.0 = Debug|Win32
		{B25AE934-5AB0-47CF-8FEE-5B9E339C4DE6}.Release|Any CPU.ActiveCfg = Release|Win32
		{B25AE934-5AB0-47CF-8FEE-5B9E339C4DE6}.Release|x64.ActiveCfg = Release|x64
		{B25AE934-5AB0-47CF-8FEE-5B9E339C4DE6}.Release|x64.Build.0 = Release|x64
		{B25AE934-5AB0-47CF-8FEE-5B9E339C4DE6}.Release|x86.ActiveCfg = Release|Win32
		{B25AE934-5AB0-47CF-8FEE-5B9E339C4DE6}.Release|x86.Build.0 = Release|Win32
		{497A0628-78DF-4C11-8D11-94966181148D}.Debug|Any CPU.ActiveCfg = Debug|Win32
		{497A0628-78DF-4C11-8D11-94966181148D}.Debug|x64.ActiveCfg = Debug|x64
		{497A0628-78DF-4C11-8D11-94966181148D}.Debug|x64.Build.0 = Debug|x64
		{497A0628-78DF-4C11-8D11-94966181148D}.Debug|x86.ActiveCfg = Debug|Win32
		{497A0628-78DF-4C11-8D11-94966181148D}.Debug|x86.Build.0 = Debug|Win32
		{497A0628-78DF-4C11-8D11-94966181148D}.Release|Any CPU.ActiveCfg = Release|Win32
		{497A0628-78DF-4C11-8D11-94966181148D}.Release|x64.ActiveCfg = Release|x64
		{497A0628-78DF-4C11-8D11-94966181148D}.Release|x64.Build.0 = Release|x64
		{497A0628-78DF-4C11-8D11-94966181148D}.Release|x86.ActiveCfg = Release|Win32
		{497A0628-78DF-4C11-8D11-94966181148D}.Release|x86.Build.0 = Release|Win32
		{81C50A79-2723-4F89-BF9F-BB691FFFB9C2}.Debug|Any CPU.ActiveCfg = Debug|Any CPU
		{81C50A79-2723-4F89-BF9F-BB691FFFB9C2}.Debug|Any CPU.Build.0 = Debug|Any CPU
		{81C50A79-2723-4F89-BF9F-BB691FFFB9C2}.Debug|x64.ActiveCfg = Debug|Any CPU
		{81C50A79-2723-4F89-BF9F-BB691FFFB9C2}.Debug|x64.Build.0 = Debug|Any CPU
		{81C50A79-2723-4F89-BF9F-BB691FFFB9C2}.Debug|x86.ActiveCfg = Debug|Any CPU
		{81C50A79-2723-4F89-BF9F-BB691FFFB9C2}.Debug|x86.Build.0 = Debug|Any CPU
		{81C50A79-2723-4F89-BF9F-BB691FFFB9C2}.Release|Any CPU.ActiveCfg = Release|Any CPU
		{81C50A79-2723-4F89-BF9F-BB691FFFB9C2}.Release|Any CPU.Build.0 = Release|Any CPU
		{81C50A79-2723-4F89-BF9F-BB691FFFB9C2}.Release|x64.ActiveCfg = Release|Any CPU
		{81C50A79-2723-4F89-BF9F-BB691FFFB9C2}.Release|x64.Build.0 = Release|Any CPU
		{81C50A79-2723-4F89-BF9F-BB691FFFB9C2}.Release|x86.ActiveCfg = Release|Any CPU
		{81C50A79-2723-4F89-BF9F-BB691FFFB9C2}.Release|x86.Build.0 = Release|Any CPU
		{CCD8B3FC-DE3A-46D8-BD7E-31DA9EEF1BE1}.Debug|Any CPU.ActiveCfg = Debug|Win32
		{CCD8B3FC-DE3A-46D8-BD7E-31DA9EEF1BE1}.Debug|x64.ActiveCfg = Debug|x64
		{CCD8B3FC-DE3A-46D8-BD7E-31DA9EEF1BE1}.Debug|x64.Build.0 = Debug|x64
		{CCD8B3FC-DE3A-46D8-BD7E-31DA9EEF1BE1}.Debug|x86.ActiveCfg = Debug|Win32
		{CCD8B3FC-DE3A-46D8-BD7E-31DA9EEF1BE1}.Debug|x86.Build.0 = Debug|Win32
		{CCD8B3FC-DE3A-46D8-BD7E-31DA9EEF1BE1}.Release|Any CPU.ActiveCfg = Release|Win32
		{CCD8B3FC-DE3A-46D8-BD7E-31DA9EEF1BE1}.Release|x64.ActiveCfg = Release|x64
		{CCD8B3FC-DE3A-46D8-BD7E-31DA9EEF1BE1}.Release|x64.Build.0 = Release|x64
		{CCD8B3FC-DE3A-46D8-BD7E-31DA9EEF1BE1}.Release|x86.ActiveCfg = Release|Win32
		{CCD8B3FC-DE3A-46D8-BD7E-31DA9EEF1BE1}.Release|x86.Build.0 = Release|Win32
		{56AB922B-1E97-40A4-885D-3F3980D0AE12}.Debug|Any CPU.ActiveCfg = Debug|Win32
		{56AB922B-1E97-40A4-885D-3F3980D0AE12}.Debug|x64.ActiveCfg = Debug|x64
		{56AB922B-1E97-40A4-885D-3F3980D0AE12}.Debug|x64.Build.0 = Debug|x64
		{56AB922B-1E97-40A4-885D-3F3980D0AE12}.Debug|x86.ActiveCfg = Debug|Win32
		{56AB922B-1E97-40A4-885D-3F3980D0AE12}.Debug|x86.Build.0 = Debug|Win32
		{56AB922B-1E97-40A4-885D-3F3980D0AE12}.Release|Any CPU.ActiveCfg = Release|Win32
		{56AB922B-1E97-40A4-885D-3F3980D0AE12}.Release|x64.ActiveCfg = Release|x64
		{56AB922B-1E97-40A4-885D-3F3980D0AE12}.Release|x64.Build.0 = Release|x64
		{56AB922B-1E97-40A4-885D-3F3980D0AE12}.Release|x86.ActiveCfg = Release|Win32
		{56AB922B-1E97-40A4-885D-3F3980D0AE12}.Release|x86.Build.0 = Release|Win32
		{2E931143-369F-4EE2-9970-5755EC63D851}.Debug|Any CPU.ActiveCfg = Debug|Win32
		{2E931143-369F-4EE2-9970-5755EC63D851}.Debug|x64.ActiveCfg = Debug|x64
		{2E931143-369F-4EE2-9970-5755EC63D851}.Debug|x64.Build.0 = Debug|x64
		{2E931143-369F-4EE2-9970-5755EC63D851}.Debug|x86.ActiveCfg = Debug|Win32
		{2E931143-369F-4EE2-9970-5755EC63D851}.Debug|x86.Build.0 = Debug|Win32
		{2E931143-369F-4EE2-9970-5755EC63D851}.Release|Any CPU.ActiveCfg = Release|Win32
		{2E931143-369F-4EE2-9970-5755EC63D851}.Release|x64.ActiveCfg = Release|x64
		{2E931143-369F-4EE2-9970-5755EC63D851}.Release|x64.Build.0 = Release|x64
		{2E931143-369F-4EE2-9970-5755EC63D851}.Release|x86.ActiveCfg = Release|Win32
		{2E931143-369F-4EE2-9970-5755EC63D851}.Release|x86.Build.0 = Release|Win32
		{07189EDA-7ABE-40B5-BA70-6F8D82FDFFA1}.Debug|Any CPU.ActiveCfg = Debug|Win32
		{07189EDA-7ABE-40B5-BA70-6F8D82FDFFA1}.Debug|x64.ActiveCfg = Debug|x64
		{07189EDA-7ABE-40B5-BA70-6F8D82FDFFA1}.Debug|x64.Build.0 = Debug|x64
		{07189EDA-7ABE-40B5-BA70-6F8D82FDFFA1}.Debug|x86.ActiveCfg = Debug|Win32
		{07189EDA-7ABE-40B5-BA70-6F8D82FDFFA1}.Debug|x86.Build.0 = Debug|Win32
		{07189EDA-7ABE-40B5-BA70-6F8D82FDFFA1}.Release|Any CPU.ActiveCfg = Release|Win32
		{07189EDA-7ABE-40B5-BA70-6F8D82FDFFA1}.Release|x64.ActiveCfg = Release|x64
		{07189EDA-7ABE-40B5-BA70-6F8D82FDFFA1}.Release|x64.Build.0 = Release|x64
		{07189EDA-7ABE-40B5-BA70-6F8D82FDFFA1}.Release|x86.ActiveCfg = Release|Win32
		{07189EDA-7ABE-40B5-BA70-6F8D82FDFFA1}.Release|x86.Build.0 = Release|Win32
		{2CF2DDDA-445E-4CE3-873F-6AEC40CE759C}.Debug|Any CPU.ActiveCfg = Debug|Win32
		{2CF2DDDA-445E-4CE3-873F-6AEC40CE759C}.Debug|x64.ActiveCfg = Debug|x64
		{2CF2DDDA-445E-4CE3-873F-6AEC40CE759C}.Debug|x64.Build.0 = Debug|x64
		{2CF2DDDA-445E-4CE3-873F-6AEC40CE759C}.Debug|x86.ActiveCfg = Debug|Win32
		{2CF2DDDA-445E-4CE3-873F-6AEC40CE759C}.Debug|x86.Build.0 = Debug|Win32
		{2CF2DDDA-445E-4CE3-873F-6AEC40CE759C}.Release|Any CPU.ActiveCfg = Release|Win32
		{2CF2DDDA-445E-4CE3-873F-6AEC40CE759C}.Release|x64.ActiveCfg = Release|x64
		{2CF2DDDA-445E-4CE3-873F-6AEC40CE759C}.Release|x64.Build.0 = Release|x64
		{2CF2DDDA-445E-4CE3-873F-6AEC40CE759C}.Release|x86.ActiveCfg = Release|Win32
		{2CF2DDDA-445E-4CE3-873F-6AEC40CE759C}.Release|x86.Build.0 = Release|Win32
		{BABB340B-C34D-4571-BFB1-BE2E3CFCAB08}.Debug|Any CPU.ActiveCfg = Debug|Win32
		{BABB340B-C34D-4571-BFB1-BE2E3CFCAB08}.Debug|x64.ActiveCfg = Debug|x64
		{BABB340B-C34D-4571-BFB1-BE2E3CFCAB08}.Debug|x64.Build.0 = Debug|x64
		{BABB340B-C34D-4571-BFB1-BE2E3CFCAB08}.Debug|x86.ActiveCfg = Debug|Win32
		{BABB340B-C34D-4571-BFB1-BE2E3CFCAB08}.Debug|x86.Build.0 = Debug|Win32
		{BABB340B-C34D-4571-BFB1-BE2E3CFCAB08}.Release|Any CPU.ActiveCfg = Release|Win32
		{BABB340B-C34D-4571-BFB1-BE2E3CFCAB08}.Release|x64.ActiveCfg = Release|x64
		{BABB340B-C34D-4571-BFB1-BE2E3CFCAB08}.Release|x64.Build.0 = Release|x64
		{BABB340B-C34D-4571-BFB1-BE2E3CFCAB08}.Release|x86.ActiveCfg = Release|Win32
		{BABB340B-C34D-4571-BFB1-BE2E3CFCAB08}.Release|x86.Build.0 = Release|Win32
		{1C148C2C-51B3-4A91-951C-1CAC3F4F8B87}.Debug|Any CPU.ActiveCfg = Debug|Win32
		{1C148C2C-51B3-4A91-951C-1CAC3F4F8B87}.Debug|x64.ActiveCfg = Debug|x64
		{1C148C2C-51B3-4A91-951C-1CAC3F4F8B87}.Debug|x64.Build.0 = Debug|x64
		{1C148C2C-51B3-4A91-951C-1CAC3F4F8B87}.Debug|x86.ActiveCfg = Debug|Win32
		{1C148C2C-51B3-4A91-951C-1CAC3F4F8B87}.Debug|x86.Build.0 = Debug|Win32
		{1C148C2C-51B3-4A91-951C-1CAC3F4F8B87}.Release|Any CPU.ActiveCfg = Release|Win32
		{1C148C2C-51B3-4A91-951C-1CAC3F4F8B87}.Release|x64.ActiveCfg = Release|x64
		{1C148C2C-51B3-4A91-951C-1CAC3F4F8B87}.Release|x64.Build.0 = Release|x64
		{1C148C2C-51B3-4A91-951C-1CAC3F4F8B87}.Release|x86.ActiveCfg = Release|Win32
		{1C148C2C-51B3-4A91-951C-1CAC3F4F8B87}.Release|x86.Build.0 = Release|Win32
		{A3FA9DD7-15DC-4B90-9A76-845A37785C99}.Debug|Any CPU.ActiveCfg = Debug|Win32
		{A3FA9DD7-15DC-4B90-9A76-845A37785C99}.Debug|x64.ActiveCfg = Debug|x64
		{A3FA9DD7-15DC-4B90-9A76-845A37785C99}.Debug|x64.Build.0 = Debug|x64
		{A3FA9DD7-15DC-4B90-9A76-845A37785C99}.Debug|x86.ActiveCfg = Debug|Win32
		{A3FA9DD7-15DC-4B90-9A76-845A37785C99}.Debug|x86.Build.0 = Debug|Win32
		{A3FA9DD7-15DC-4B90-9A76-845A37785C99}.Release|Any CPU.ActiveCfg = Release|Win32
		{A3FA9DD7-15DC-4B90-9A76-845A37785C99}.Release|x64.ActiveCfg = Release|x64
		{A3FA9DD7-15DC-4B90-9A76-845A37785C99}.Release|x64.Build.0 = Release|x64
		{A3FA9DD7-15DC-4B90-9A76-845A37785C99}.Release|x86.ActiveCfg = Release|Win32
		{A3FA9DD7-15DC-4B90-9A76-845A37785C99}.Release|x86.Build.0 = Release|Win32
		{643BF41C-D163-45F4-909E-594930384B5F}.Debug|Any CPU.ActiveCfg = Debug|Win32
		{643BF41C-D163-45F4-909E-594930384B5F}.Debug|x64.ActiveCfg = Debug|x64
		{643BF41C-D163-45F4-909E-594930384B5F}.Debug|x64.Build.0 = Debug|x64
		{643BF41C-D163-45F4-909E-594930384B5F}.Debug|x86.ActiveCfg = Debug|Win32
		{643BF41C-D163-45F4-909E-594930384B5F}.Debug|x86.Build.0 = Debug|Win32
		{643BF41C-D163-45F4-909E-594930384B5F}.Release|Any CPU.ActiveCfg = Release|Win32
		{643BF41C-D163-45F4-909E-594930384B5F}.Release|x64.ActiveCfg = Release|x64
		{643BF41C-D163-45F4-909E-594930384B5F}.Release|x64.Build.0 = Release|x64
		{643BF41C-D163-45F4-909E-594930384B5F}.Release|x86.ActiveCfg = Release|Win32
		{643BF41C-D163-45F4-909E-594930384B5F}.Release|x86.Build.0 = Release|Win32
		{66439679-D66C-4335-BB1E-AFAE33767492}.Debug|Any CPU.ActiveCfg = Debug|Win32
		{66439679-D66C-4335-BB1E-AFAE33767492}.Debug|x64.ActiveCfg = Debug|x64
		{66439679-D66C-4335-BB1E-AFAE33767492}.Debug|x64.Build.0 = Debug|x64
		{66439679-D66C-4335-BB1E-AFAE33767492}.Debug|x86.ActiveCfg = Debug|Win32
		{66439679-D66C-4335-BB1E-AFAE33767492}.Debug|x86.Build.0 = Debug|Win32
		{66439679-D66C-4335-BB1E-AFAE33767492}.Release|Any CPU.ActiveCfg = Release|Win32
		{66439679-D66C-4335-BB1E-AFAE33767492}.Release|x64.ActiveCfg = Release|x64
		{66439679-D66C-4335-BB1E-AFAE33767492}.Release|x64.Build.0 = Release|x64
		{66439679-D66C-4335-BB1E-AFAE33767492}.Release|x86.ActiveCfg = Release|Win32
		{66439679-D66C-4335-BB1E-AFAE33767492}.Release|x86.Build.0 = Release|Win32
		{3C2BDF64-0C2F-4EBF-BA90-8B697245AFA0}.Debug|Any CPU.ActiveCfg = Debug|Win32
		{3C2BDF64-0C2F-4EBF-BA90-8B697245AFA0}.Debug|x64.ActiveCfg = Debug|x64
		{3C2BDF64-0C2F-4EBF-BA90-8B697245AFA0}.Debug|x64.Build.0 = Debug|x64
		{3C2BDF64-0C2F-4EBF-BA90-8B697245AFA0}.Debug|x86.ActiveCfg = Debug|Win32
		{3C2BDF64-0C2F-4EBF-BA90-8B697245AFA0}.Debug|x86.Build.0 = Debug|Win32
		{3C2BDF64-0C2F-4EBF-BA90-8B697245AFA0}.Release|Any CPU.ActiveCfg = Release|Win32
		{3C2BDF64-0C2F-4EBF-BA90-8B697245AFA0}.Release|x64.ActiveCfg = Release|x64
		{3C2BDF64-0C2F-4EBF-BA90-8B697245AFA0}.Release|x64.Build.0 = Release|x64
		{3C2BDF64-0C2F-4EBF-BA90-8B697245AFA0}.Release|x86.ActiveCfg = Release|Win32
		{3C2BDF64-0C2F-4EBF-BA90-8B697245AFA0}.Release|x86.Build.0 = Release|Win32
		{67790E63-4701-486B-AF95-DF2AFCD58C10}.Debug|Any CPU.ActiveCfg = Debug|Win32
		{67790E63-4701-486B-AF95-DF2AFCD58C10}.Debug|x64.ActiveCfg = Debug|x64
		{67790E63-4701-486B-AF95-DF2AFCD58C10}.Debug|x64.Build.0 = Debug|x64
		{67790E63-4701-486B-AF95-DF2AFCD58C10}.Debug|x86.ActiveCfg = Debug|Win32
		{67790E63-4701-486B-AF95-DF2AFCD58C10}.Debug|x86.Build.0 = Debug|Win32
		{67790E63-4701-486B-AF95-DF2AFCD58C10}.Release|Any CPU.ActiveCfg = Release|Win32
		{67790E63-4701-486B-AF95-DF2AFCD58C10}.Release|x64.ActiveCfg = Release|x64
		{67790E63-4701-486B-AF95-DF2AFCD58C10}.Release|x64.Build.0 = Release|x64
		{67790E63-4701-486B-AF95-DF2AFCD58C10}.Release|x86.ActiveCfg = Release|Win32
		{67790E63-4701-486B-AF95-DF2AFCD58C10}.Release|x86.Build.0 = Release|Win32
		{DC340C31-86AC-494A-BF05-F0BD2D286758}.Debug|Any CPU.ActiveCfg = Debug|Win32
		{DC340C31-86AC-494A-BF05-F0BD2D286758}.Debug|x64.ActiveCfg = Debug|x64
		{DC340C31-86AC-494A-BF05-F0BD2D286758}.Debug|x64.Build.0 = Debug|x64
		{DC340C31-86AC-494A-BF05-F0BD2D286758}.Debug|x86.ActiveCfg = Debug|Win32
		{DC340C31-86AC-494A-BF05-F0BD2D286758}.Debug|x86.Build.0 = Debug|Win32
		{DC340C31-86AC-494A-BF05-F0BD2D286758}.Release|Any CPU.ActiveCfg = Release|Win32
		{DC340C31-86AC-494A-BF05-F0BD2D286758}.Release|x64.ActiveCfg = Release|x64
		{DC340C31-86AC-494A-BF05-F0BD2D286758}.Release|x64.Build.0 = Release|x64
		{DC340C31-86AC-494A-BF05-F0BD2D286758}.Release|x86.ActiveCfg = Release|Win32
		{DC340C31-86AC-494A-BF05-F0BD2D286758}.Release|x86.Build.0 = Release|Win32
		{80D07473-BACC-487C-9A68-B19C2C24A97B}.Debug|Any CPU.ActiveCfg = Debug|Win32
		{80D07473-BACC-487C-9A68-B19C2C24A97B}.Debug|x64.ActiveCfg = Debug|x64
		{80D07473-BACC-487C-9A68-B19C2C24A97B}.Debug|x64.Build.0 = Debug|x64
		{80D07473-BACC-487C-9A68-B19C2C24A97B}.Debug|x86.ActiveCfg = Debug|Win32
		{80D07473-BACC-487C-9A68-B19C2C24A97B}.Debug|x86.Build.0 = Debug|Win32
		{80D07473-BACC-487C-9A68-B19C2C24A97B}.Release|Any CPU.ActiveCfg = Release|Win32
		{80D07473-BACC-487C-9A68-B19C2C24A97B}.Release|x64.ActiveCfg = Release|x64
		{80D07473-BACC-487C-9A68-B19C2C24A97B}.Release|x64.Build.0 = Release|x64
		{80D07473-BACC-487C-9A68-B19C2C24A97B}.Release|x86.ActiveCfg = Release|Win32
		{80D07473-BACC-487C-9A68-B19C2C24A97B}.Release|x86.Build.0 = Release|Win32
		{E3409504-85BC-451B-BE42-8FA0CBF1F096}.Debug|Any CPU.ActiveCfg = Debug|Win32
		{E3409504-85BC-451B-BE42-8FA0CBF1F096}.Debug|x64.ActiveCfg = Debug|x64
		{E3409504-85BC-451B-BE42-8FA0CBF1F096}.Debug|x64.Build.0 = Debug|x64
		{E3409504-85BC-451B-BE42-8FA0CBF1F096}.Debug|x86.ActiveCfg = Debug|Win32
		{E3409504-85BC-451B-BE42-8FA0CBF1F096}.Debug|x86.Build.0 = Debug|Win32
		{E3409504-85BC-451B-BE42-8FA0CBF1F096}.Release|Any CPU.ActiveCfg = Release|Win32
		{E3409504-85BC-451B-BE42-8FA0CBF1F096}.Release|x64.ActiveCfg = Release|x64
		{E3409504-85BC-451B-BE42-8FA0CBF1F096}.Release|x64.Build.0 = Release|x64
		{E3409504-85BC-451B-BE42-8FA0CBF1F096}.Release|x86.ActiveCfg = Release|Win32
		{E3409504-85BC-451B-BE42-8FA0CBF1F096}.Release|x86.Build.0 = Release|Win32
		{B40BA7D0-2FFD-4B70-8175-E44408FC5D83}.Debug|Any CPU.ActiveCfg = Debug|Win32
		{B40BA7D0-2FFD-4B70-8175-E44408FC5D83}.Debug|x64.ActiveCfg = Debug|x64
		{B40BA7D0-2FFD-4B70-8175-E44408FC5D83}.Debug|x64.Build.0 = Debug|x64
		{B40BA7D0-2FFD-4B70-8175-E44408FC5D83}.Debug|x86.ActiveCfg = Debug|Win32
		{B40BA7D0-2FFD-4B70-8175-E44408FC5D83}.Debug|x86.Build.0 = Debug|Win32
		{B40BA7D0-2FFD-4B70-8175-E44408FC5D83}.Release|Any CPU.ActiveCfg = Release|Win32
		{B40BA7D0-2FFD-4B70-8175-E44408FC5D83}.Release|x64.ActiveCfg = Release|x64
		{B40BA7D0-2FFD-4B70-8175-E44408FC5D83}.Release|x64.Build.0 = Release|x64
		{B40BA7D0-2FFD-4B70-8175-E44408FC5D83}.Release|x86.ActiveCfg = Release|Win32
		{B40BA7D0-2FFD-4B70-8175-E44408FC5D83}.Release|x86.Build.0 = Release|Win32
		{98D1B13D-D475-4DFA-B29C-524351AC49C7}.Debug|Any CPU.ActiveCfg = Debug|Any CPU
		{98D1B13D-D475-4DFA-B29C-524351AC49C7}.Debug|Any CPU.Build.0 = Debug|Any CPU
		{98D1B13D-D475-4DFA-B29C-524351AC49C7}.Debug|x64.ActiveCfg = Debug|Any CPU
		{98D1B13D-D475-4DFA-B29C-524351AC49C7}.Debug|x64.Build.0 = Debug|Any CPU
		{98D1B13D-D475-4DFA-B29C-524351AC49C7}.Debug|x86.ActiveCfg = Debug|Any CPU
		{98D1B13D-D475-4DFA-B29C-524351AC49C7}.Debug|x86.Build.0 = Debug|Any CPU
		{98D1B13D-D475-4DFA-B29C-524351AC49C7}.Release|Any CPU.ActiveCfg = Release|Any CPU
		{98D1B13D-D475-4DFA-B29C-524351AC49C7}.Release|Any CPU.Build.0 = Release|Any CPU
		{98D1B13D-D475-4DFA-B29C-524351AC49C7}.Release|x64.ActiveCfg = Release|Any CPU
		{98D1B13D-D475-4DFA-B29C-524351AC49C7}.Release|x64.Build.0 = Release|Any CPU
		{98D1B13D-D475-4DFA-B29C-524351AC49C7}.Release|x86.ActiveCfg = Release|Any CPU
		{98D1B13D-D475-4DFA-B29C-524351AC49C7}.Release|x86.Build.0 = Release|Any CPU
		{F6C7648D-B715-4A3C-8EFC-51EA02364936}.Debug|Any CPU.ActiveCfg = Debug|Win32
		{F6C7648D-B715-4A3C-8EFC-51EA02364936}.Debug|x64.ActiveCfg = Debug|x64
		{F6C7648D-B715-4A3C-8EFC-51EA02364936}.Debug|x64.Build.0 = Debug|x64
		{F6C7648D-B715-4A3C-8EFC-51EA02364936}.Debug|x86.ActiveCfg = Debug|Win32
		{F6C7648D-B715-4A3C-8EFC-51EA02364936}.Debug|x86.Build.0 = Debug|Win32
		{F6C7648D-B715-4A3C-8EFC-51EA02364936}.Release|Any CPU.ActiveCfg = Release|Win32
		{F6C7648D-B715-4A3C-8EFC-51EA02364936}.Release|x64.ActiveCfg = Release|x64
		{F6C7648D-B715-4A3C-8EFC-51EA02364936}.Release|x64.Build.0 = Release|x64
		{F6C7648D-B715-4A3C-8EFC-51EA02364936}.Release|x86.ActiveCfg = Release|Win32
		{F6C7648D-B715-4A3C-8EFC-51EA02364936}.Release|x86.Build.0 = Release|Win32
		{42FD0526-4BD7-436C-91C4-CD5F57F067C0}.Debug|Any CPU.ActiveCfg = Debug|Any CPU
		{42FD0526-4BD7-436C-91C4-CD5F57F067C0}.Debug|Any CPU.Build.0 = Debug|Any CPU
		{42FD0526-4BD7-436C-91C4-CD5F57F067C0}.Debug|x64.ActiveCfg = Debug|Any CPU
		{42FD0526-4BD7-436C-91C4-CD5F57F067C0}.Debug|x64.Build.0 = Debug|Any CPU
		{42FD0526-4BD7-436C-91C4-CD5F57F067C0}.Debug|x86.ActiveCfg = Debug|Any CPU
		{42FD0526-4BD7-436C-91C4-CD5F57F067C0}.Debug|x86.Build.0 = Debug|Any CPU
		{42FD0526-4BD7-436C-91C4-CD5F57F067C0}.Release|Any CPU.ActiveCfg = Release|Any CPU
		{42FD0526-4BD7-436C-91C4-CD5F57F067C0}.Release|Any CPU.Build.0 = Release|Any CPU
		{42FD0526-4BD7-436C-91C4-CD5F57F067C0}.Release|x64.ActiveCfg = Release|Any CPU
		{42FD0526-4BD7-436C-91C4-CD5F57F067C0}.Release|x64.Build.0 = Release|Any CPU
		{42FD0526-4BD7-436C-91C4-CD5F57F067C0}.Release|x86.ActiveCfg = Release|Any CPU
		{42FD0526-4BD7-436C-91C4-CD5F57F067C0}.Release|x86.Build.0 = Release|Any CPU
		{C6437035-A4F9-4383-8D90-C1CC1C620C4B}.Debug|Any CPU.ActiveCfg = Debug|Any CPU
		{C6437035-A4F9-4383-8D90-C1CC1C620C4B}.Debug|Any CPU.Build.0 = Debug|Any CPU
		{C6437035-A4F9-4383-8D90-C1CC1C620C4B}.Debug|x64.ActiveCfg = Debug|Any CPU
		{C6437035-A4F9-4383-8D90-C1CC1C620C4B}.Debug|x64.Build.0 = Debug|Any CPU
		{C6437035-A4F9-4383-8D90-C1CC1C620C4B}.Debug|x86.ActiveCfg = Debug|Any CPU
		{C6437035-A4F9-4383-8D90-C1CC1C620C4B}.Debug|x86.Build.0 = Debug|Any CPU
		{C6437035-A4F9-4383-8D90-C1CC1C620C4B}.Release|Any CPU.ActiveCfg = Release|Any CPU
		{C6437035-A4F9-4383-8D90-C1CC1C620C4B}.Release|Any CPU.Build.0 = Release|Any CPU
		{C6437035-A4F9-4383-8D90-C1CC1C620C4B}.Release|x64.ActiveCfg = Release|Any CPU
		{C6437035-A4F9-4383-8D90-C1CC1C620C4B}.Release|x64.Build.0 = Release|Any CPU
		{C6437035-A4F9-4383-8D90-C1CC1C620C4B}.Release|x86.ActiveCfg = Release|Any CPU
		{C6437035-A4F9-4383-8D90-C1CC1C620C4B}.Release|x86.Build.0 = Release|Any CPU
		{789D8414-30D1-4333-96EC-848D9B212837}.Debug|Any CPU.ActiveCfg = Debug|Any CPU
		{789D8414-30D1-4333-96EC-848D9B212837}.Debug|Any CPU.Build.0 = Debug|Any CPU
		{789D8414-30D1-4333-96EC-848D9B212837}.Debug|x64.ActiveCfg = Debug|Any CPU
		{789D8414-30D1-4333-96EC-848D9B212837}.Debug|x64.Build.0 = Debug|Any CPU
		{789D8414-30D1-4333-96EC-848D9B212837}.Debug|x86.ActiveCfg = Debug|Any CPU
		{789D8414-30D1-4333-96EC-848D9B212837}.Debug|x86.Build.0 = Debug|Any CPU
		{789D8414-30D1-4333-96EC-848D9B212837}.Release|Any CPU.ActiveCfg = Release|Any CPU
		{789D8414-30D1-4333-96EC-848D9B212837}.Release|Any CPU.Build.0 = Release|Any CPU
		{789D8414-30D1-4333-96EC-848D9B212837}.Release|x64.ActiveCfg = Release|Any CPU
		{789D8414-30D1-4333-96EC-848D9B212837}.Release|x64.Build.0 = Release|Any CPU
		{789D8414-30D1-4333-96EC-848D9B212837}.Release|x86.ActiveCfg = Release|Any CPU
		{789D8414-30D1-4333-96EC-848D9B212837}.Release|x86.Build.0 = Release|Any CPU
		{FED169D8-F980-4149-9A30-39D0B615B1E1}.Debug|Any CPU.ActiveCfg = Debug|Any CPU
		{FED169D8-F980-4149-9A30-39D0B615B1E1}.Debug|Any CPU.Build.0 = Debug|Any CPU
		{FED169D8-F980-4149-9A30-39D0B615B1E1}.Debug|x64.ActiveCfg = Debug|Any CPU
		{FED169D8-F980-4149-9A30-39D0B615B1E1}.Debug|x64.Build.0 = Debug|Any CPU
		{FED169D8-F980-4149-9A30-39D0B615B1E1}.Debug|x86.ActiveCfg = Debug|Any CPU
		{FED169D8-F980-4149-9A30-39D0B615B1E1}.Debug|x86.Build.0 = Debug|Any CPU
		{FED169D8-F980-4149-9A30-39D0B615B1E1}.Release|Any CPU.ActiveCfg = Release|Any CPU
		{FED169D8-F980-4149-9A30-39D0B615B1E1}.Release|Any CPU.Build.0 = Release|Any CPU
		{FED169D8-F980-4149-9A30-39D0B615B1E1}.Release|x64.ActiveCfg = Release|Any CPU
		{FED169D8-F980-4149-9A30-39D0B615B1E1}.Release|x64.Build.0 = Release|Any CPU
		{FED169D8-F980-4149-9A30-39D0B615B1E1}.Release|x86.ActiveCfg = Release|Any CPU
		{FED169D8-F980-4149-9A30-39D0B615B1E1}.Release|x86.Build.0 = Release|Any CPU
		{DDF466AD-CF9A-4FDB-99C2-E1F6A28897F0}.Debug|Any CPU.ActiveCfg = Debug|Win32
		{DDF466AD-CF9A-4FDB-99C2-E1F6A28897F0}.Debug|x64.ActiveCfg = Debug|x64
		{DDF466AD-CF9A-4FDB-99C2-E1F6A28897F0}.Debug|x64.Build.0 = Debug|x64
		{DDF466AD-CF9A-4FDB-99C2-E1F6A28897F0}.Debug|x86.ActiveCfg = Debug|Win32
		{DDF466AD-CF9A-4FDB-99C2-E1F6A28897F0}.Debug|x86.Build.0 = Debug|Win32
		{DDF466AD-CF9A-4FDB-99C2-E1F6A28897F0}.Release|Any CPU.ActiveCfg = Release|Win32
		{DDF466AD-CF9A-4FDB-99C2-E1F6A28897F0}.Release|x64.ActiveCfg = Release|x64
		{DDF466AD-CF9A-4FDB-99C2-E1F6A28897F0}.Release|x64.Build.0 = Release|x64
		{DDF466AD-CF9A-4FDB-99C2-E1F6A28897F0}.Release|x86.ActiveCfg = Release|Win32
		{DDF466AD-CF9A-4FDB-99C2-E1F6A28897F0}.Release|x86.Build.0 = Release|Win32
		{1EB61A63-9360-4103-AE13-05935CF2FEC8}.Debug|Any CPU.ActiveCfg = Debug|Win32
		{1EB61A63-9360-4103-AE13-05935CF2FEC8}.Debug|x64.ActiveCfg = Debug|x64
		{1EB61A63-9360-4103-AE13-05935CF2FEC8}.Debug|x64.Build.0 = Debug|x64
		{1EB61A63-9360-4103-AE13-05935CF2FEC8}.Debug|x86.ActiveCfg = Debug|Win32
		{1EB61A63-9360-4103-AE13-05935CF2FEC8}.Debug|x86.Build.0 = Debug|Win32
		{1EB61A63-9360-4103-AE13-05935CF2FEC8}.Release|Any CPU.ActiveCfg = Release|Win32
		{1EB61A63-9360-4103-AE13-05935CF2FEC8}.Release|x64.ActiveCfg = Release|x64
		{1EB61A63-9360-4103-AE13-05935CF2FEC8}.Release|x64.Build.0 = Release|x64
		{1EB61A63-9360-4103-AE13-05935CF2FEC8}.Release|x86.ActiveCfg = Release|Win32
		{1EB61A63-9360-4103-AE13-05935CF2FEC8}.Release|x86.Build.0 = Release|Win32
		{EEAF76DB-6DEF-4F59-8354-87EE5D7C3565}.Debug|Any CPU.ActiveCfg = Debug|Win32
		{EEAF76DB-6DEF-4F59-8354-87EE5D7C3565}.Debug|x64.ActiveCfg = Debug|x64
		{EEAF76DB-6DEF-4F59-8354-87EE5D7C3565}.Debug|x64.Build.0 = Debug|x64
		{EEAF76DB-6DEF-4F59-8354-87EE5D7C3565}.Debug|x86.ActiveCfg = Debug|Win32
		{EEAF76DB-6DEF-4F59-8354-87EE5D7C3565}.Debug|x86.Build.0 = Debug|Win32
		{EEAF76DB-6DEF-4F59-8354-87EE5D7C3565}.Release|Any CPU.ActiveCfg = Release|Win32
		{EEAF76DB-6DEF-4F59-8354-87EE5D7C3565}.Release|x64.ActiveCfg = Release|x64
		{EEAF76DB-6DEF-4F59-8354-87EE5D7C3565}.Release|x64.Build.0 = Release|x64
		{EEAF76DB-6DEF-4F59-8354-87EE5D7C3565}.Release|x86.ActiveCfg = Release|Win32
		{EEAF76DB-6DEF-4F59-8354-87EE5D7C3565}.Release|x86.Build.0 = Release|Win32
		{01CEBEFE-1BB3-4877-BF3F-9AD20649132D}.Debug|Any CPU.ActiveCfg = Debug|Win32
		{01CEBEFE-1BB3-4877-BF3F-9AD20649132D}.Debug|x64.ActiveCfg = Debug|x64
		{01CEBEFE-1BB3-4877-BF3F-9AD20649132D}.Debug|x64.Build.0 = Debug|x64
		{01CEBEFE-1BB3-4877-BF3F-9AD20649132D}.Debug|x86.ActiveCfg = Debug|Win32
		{01CEBEFE-1BB3-4877-BF3F-9AD20649132D}.Debug|x86.Build.0 = Debug|Win32
		{01CEBEFE-1BB3-4877-BF3F-9AD20649132D}.Release|Any CPU.ActiveCfg = Release|Win32
		{01CEBEFE-1BB3-4877-BF3F-9AD20649132D}.Release|x64.ActiveCfg = Release|x64
		{01CEBEFE-1BB3-4877-BF3F-9AD20649132D}.Release|x64.Build.0 = Release|x64
		{01CEBEFE-1BB3-4877-BF3F-9AD20649132D}.Release|x86.ActiveCfg = Release|Win32
		{01CEBEFE-1BB3-4877-BF3F-9AD20649132D}.Release|x86.Build.0 = Release|Win32
		{A4A769EF-F5E6-4B61-A005-B1F4882291FE}.Debug|Any CPU.ActiveCfg = Debug|Win32
		{A4A769EF-F5E6-4B61-A005-B1F4882291FE}.Debug|x64.ActiveCfg = Debug|x64
		{A4A769EF-F5E6-4B61-A005-B1F4882291FE}.Debug|x64.Build.0 = Debug|x64
		{A4A769EF-F5E6-4B61-A005-B1F4882291FE}.Debug|x86.ActiveCfg = Debug|Win32
		{A4A769EF-F5E6-4B61-A005-B1F4882291FE}.Debug|x86.Build.0 = Debug|Win32
		{A4A769EF-F5E6-4B61-A005-B1F4882291FE}.Release|Any CPU.ActiveCfg = Release|Win32
		{A4A769EF-F5E6-4B61-A005-B1F4882291FE}.Release|x64.ActiveCfg = Release|x64
		{A4A769EF-F5E6-4B61-A005-B1F4882291FE}.Release|x64.Build.0 = Release|x64
		{A4A769EF-F5E6-4B61-A005-B1F4882291FE}.Release|x86.ActiveCfg = Release|Win32
		{A4A769EF-F5E6-4B61-A005-B1F4882291FE}.Release|x86.Build.0 = Release|Win32
		{56671BC5-005B-4A3C-BACD-9C294D78633A}.Debug|Any CPU.ActiveCfg = Debug|Any CPU
		{56671BC5-005B-4A3C-BACD-9C294D78633A}.Debug|Any CPU.Build.0 = Debug|Any CPU
		{56671BC5-005B-4A3C-BACD-9C294D78633A}.Debug|x64.ActiveCfg = Debug|Any CPU
		{56671BC5-005B-4A3C-BACD-9C294D78633A}.Debug|x64.Build.0 = Debug|Any CPU
		{56671BC5-005B-4A3C-BACD-9C294D78633A}.Debug|x86.ActiveCfg = Debug|Any CPU
		{56671BC5-005B-4A3C-BACD-9C294D78633A}.Debug|x86.Build.0 = Debug|Any CPU
		{56671BC5-005B-4A3C-BACD-9C294D78633A}.Release|Any CPU.ActiveCfg = Release|Any CPU
		{56671BC5-005B-4A3C-BACD-9C294D78633A}.Release|Any CPU.Build.0 = Release|Any CPU
		{56671BC5-005B-4A3C-BACD-9C294D78633A}.Release|x64.ActiveCfg = Release|Any CPU
		{56671BC5-005B-4A3C-BACD-9C294D78633A}.Release|x64.Build.0 = Release|Any CPU
		{56671BC5-005B-4A3C-BACD-9C294D78633A}.Release|x86.ActiveCfg = Release|Any CPU
		{56671BC5-005B-4A3C-BACD-9C294D78633A}.Release|x86.Build.0 = Release|Any CPU
	EndGlobalSection
	GlobalSection(SolutionProperties) = preSolution
		HideSolutionNode = FALSE
	EndGlobalSection
EndGlobal
